
Microsoft Visual Studio Solution File, Format Version 12.00
# Visual Studio Version 16
VisualStudioVersion = 16.0.30907.101
MinimumVisualStudioVersion = 10.0.40219.1
Project("{FAE04EC0-301F-11D3-BF4B-00C04F79EFBC}") = "RoomService.WebApi", "RoomService.WebApi\RoomService.WebApi.csproj", "{4C50FEBE-E92B-4380-B92F-035F5650A218}"
EndProject
Global
	GlobalSection(SolutionConfigurationPlatforms) = preSolution
		Debug|Any CPU = Debug|Any CPU
		Release|Any CPU = Release|Any CPU
	EndGlobalSection
	GlobalSection(ProjectConfigurationPlatforms) = postSolution
		{4C50FEBE-E92B-4380-B92F-035F5650A218}.Debug|Any CPU.ActiveCfg = Debug|Any CPU
		{4C50FEBE-E92B-4380-B92F-035F5650A218}.Debug|Any CPU.Build.0 = Debug|Any CPU
		{4C50FEBE-E92B-4380-B92F-035F5650A218}.Release|Any CPU.ActiveCfg = Release|Any CPU
		{4C50FEBE-E92B-4380-B92F-035F5650A218}.Release|Any CPU.Build.0 = Release|Any CPU
	EndGlobalSection
	GlobalSection(SolutionProperties) = preSolution
		HideSolutionNode = FALSE
	EndGlobalSection
	GlobalSection(ExtensibilityGlobals) = postSolution
		SolutionGuid = {88558ECB-E385-48D3-909B-5D693BED63E2}
	EndGlobalSection
EndGlobal
